
Microsoft Visual Studio Solution File, Format Version 12.00
# Visual Studio 15
VisualStudioVersion = 15.0.27428.2027
MinimumVisualStudioVersion = 10.0.40219.1
Project("{FAE04EC0-301F-11D3-BF4B-00C04F79EFBC}") = "Calculadora", "Calculadora\Calculadora.csproj", "{B7B0878A-15DD-4B04-B93F-869A63C9AC2B}"
EndProject
Global
	GlobalSection(SolutionConfigurationPlatforms) = preSolution
		Debug|Any CPU = Debug|Any CPU
		Release|Any CPU = Release|Any CPU
	EndGlobalSection
	GlobalSection(ProjectConfigurationPlatforms) = postSolution
		{B7B0878A-15DD-4B04-B93F-869A63C9AC2B}.Debug|Any CPU.ActiveCfg = Debug|Any CPU
		{B7B0878A-15DD-4B04-B93F-869A63C9AC2B}.Debug|Any CPU.Build.0 = Debug|Any CPU
		{B7B0878A-15DD-4B04-B93F-869A63C9AC2B}.Release|Any CPU.ActiveCfg = Release|Any CPU
		{B7B0878A-15DD-4B04-B93F-869A63C9AC2B}.Release|Any CPU.Build.0 = Release|Any CPU
	EndGlobalSection
	GlobalSection(SolutionProperties) = preSolution
		HideSolutionNode = FALSE
	EndGlobalSection
	GlobalSection(ExtensibilityGlobals) = postSolution
		SolutionGuid = {FF9E089D-F5B8-448D-84BF-1763B2D57A83}
	EndGlobalSection
EndGlobal
